
Microsoft Visual Studio Solution File, Format Version 12.00
# Visual Studio Version 17
VisualStudioVersion = 17.6.33829.357
MinimumVisualStudioVersion = 10.0.40219.1
Project("{8BC9CEB8-8B4A-11D0-8D11-00A0C91BC942}") = "tinh tich", "tinh tich\tinh tich.vcxproj", "{25B8254B-AC6D-4063-BD19-89EC8ADE707F}"
EndProject
Global
	GlobalSection(SolutionConfigurationPlatforms) = preSolution
		Debug|x64 = Debug|x64
		Debug|x86 = Debug|x86
		Release|x64 = Release|x64
		Release|x86 = Release|x86
	EndGlobalSection
	GlobalSection(ProjectConfigurationPlatforms) = postSolution
		{25B8254B-AC6D-4063-BD19-89EC8ADE707F}.Debug|x64.ActiveCfg = Debug|x64
		{25B8254B-AC6D-4063-BD19-89EC8ADE707F}.Debug|x64.Build.0 = Debug|x64
		{25B8254B-AC6D-4063-BD19-89EC8ADE707F}.Debug|x86.ActiveCfg = Debug|Win32
		{25B8254B-AC6D-4063-BD19-89EC8ADE707F}.Debug|x86.Build.0 = Debug|Win32
		{25B8254B-AC6D-4063-BD19-89EC8ADE707F}.Release|x64.ActiveCfg = Release|x64
		{25B8254B-AC6D-4063-BD19-89EC8ADE707F}.Release|x64.Build.0 = Release|x64
		{25B8254B-AC6D-4063-BD19-89EC8ADE707F}.Release|x86.ActiveCfg = Release|Win32
		{25B8254B-AC6D-4063-BD19-89EC8ADE707F}.Release|x86.Build.0 = Release|Win32
	EndGlobalSection
	GlobalSection(SolutionProperties) = preSolution
		HideSolutionNode = FALSE
	EndGlobalSection
	GlobalSection(ExtensibilityGlobals) = postSolution
		SolutionGuid = {53A01CC1-FDCE-4E0C-9D9C-8E246B9C3CA1}
	EndGlobalSection
EndGlobal
